// !$*UTF8*$!
{
	archiveVersion = 1;
	classes = {
	};
	objectVersion = 56;
	objects = {

/* Begin PBXBuildFile section */
		19CCF2B52B7ACE0A00DF534A /* HabitsPlusApp.swift in Sources */ = {isa = PBXBuildFile; fileRef = 19CCF2B42B7ACE0A00DF534A /* HabitsPlusApp.swift */; };
		19CCF2B92B7ACE0D00DF534A /* Assets.xcassets in Resources */ = {isa = PBXBuildFile; fileRef = 19CCF2B82B7ACE0D00DF534A /* Assets.xcassets */; };
		19CCF2BC2B7ACE0D00DF534A /* Preview Assets.xcassets in Resources */ = {isa = PBXBuildFile; fileRef = 19CCF2BB2B7ACE0D00DF534A /* Preview Assets.xcassets */; };
		19CCF2C72B7AD22200DF534A /* SplashView.swift in Sources */ = {isa = PBXBuildFile; fileRef = 19CCF2C62B7AD22200DF534A /* SplashView.swift */; };
		19CCF2C92B7AD3BB00DF534A /* SplashUIState.swift in Sources */ = {isa = PBXBuildFile; fileRef = 19CCF2C82B7AD3BB00DF534A /* SplashUIState.swift */; };
		19D403E82B7BAA9E0006EFCD /* SplashViewModel.swift in Sources */ = {isa = PBXBuildFile; fileRef = 19D403E72B7BAA9E0006EFCD /* SplashViewModel.swift */; };
		19D403EE2B7BBD4C0006EFCD /* SignInView.swift in Sources */ = {isa = PBXBuildFile; fileRef = 19D403ED2B7BBD4C0006EFCD /* SignInView.swift */; };
		19D403F02B7BBD890006EFCD /* SignInViewModel.swift in Sources */ = {isa = PBXBuildFile; fileRef = 19D403EF2B7BBD890006EFCD /* SignInViewModel.swift */; };
		19D403F22B7BC7E80006EFCD /* SplashViewRouter.swift in Sources */ = {isa = PBXBuildFile; fileRef = 19D403F12B7BC7E80006EFCD /* SplashViewRouter.swift */; };
		19D403F42B7C16DF0006EFCD /* SignInUIState.swift in Sources */ = {isa = PBXBuildFile; fileRef = 19D403F32B7C16DF0006EFCD /* SignInUIState.swift */; };
/* End PBXBuildFile section */

/* Begin PBXFileReference section */
		19CCF2B12B7ACE0A00DF534A /* HabitsPlus.app */ = {isa = PBXFileReference; explicitFileType = wrapper.application; includeInIndex = 0; path = HabitsPlus.app; sourceTree = BUILT_PRODUCTS_DIR; };
		19CCF2B42B7ACE0A00DF534A /* HabitsPlusApp.swift */ = {isa = PBXFileReference; lastKnownFileType = sourcecode.swift; path = HabitsPlusApp.swift; sourceTree = "<group>"; };
		19CCF2B82B7ACE0D00DF534A /* Assets.xcassets */ = {isa = PBXFileReference; lastKnownFileType = folder.assetcatalog; path = Assets.xcassets; sourceTree = "<group>"; };
		19CCF2BB2B7ACE0D00DF534A /* Preview Assets.xcassets */ = {isa = PBXFileReference; lastKnownFileType = folder.assetcatalog; path = "Preview Assets.xcassets"; sourceTree = "<group>"; };
		19CCF2C62B7AD22200DF534A /* SplashView.swift */ = {isa = PBXFileReference; lastKnownFileType = sourcecode.swift; path = SplashView.swift; sourceTree = "<group>"; };
		19CCF2C82B7AD3BB00DF534A /* SplashUIState.swift */ = {isa = PBXFileReference; lastKnownFileType = sourcecode.swift; path = SplashUIState.swift; sourceTree = "<group>"; };
		19D403E72B7BAA9E0006EFCD /* SplashViewModel.swift */ = {isa = PBXFileReference; lastKnownFileType = sourcecode.swift; path = SplashViewModel.swift; sourceTree = "<group>"; };
		19D403ED2B7BBD4C0006EFCD /* SignInView.swift */ = {isa = PBXFileReference; lastKnownFileType = sourcecode.swift; path = SignInView.swift; sourceTree = "<group>"; };
		19D403EF2B7BBD890006EFCD /* SignInViewModel.swift */ = {isa = PBXFileReference; lastKnownFileType = sourcecode.swift; path = SignInViewModel.swift; sourceTree = "<group>"; };
		19D403F12B7BC7E80006EFCD /* SplashViewRouter.swift */ = {isa = PBXFileReference; lastKnownFileType = sourcecode.swift; path = SplashViewRouter.swift; sourceTree = "<group>"; };
		19D403F32B7C16DF0006EFCD /* SignInUIState.swift */ = {isa = PBXFileReference; lastKnownFileType = sourcecode.swift; path = SignInUIState.swift; sourceTree = "<group>"; };
/* End PBXFileReference section */

/* Begin PBXFrameworksBuildPhase section */
		19CCF2AE2B7ACE0A00DF534A /* Frameworks */ = {
			isa = PBXFrameworksBuildPhase;
			buildActionMask = 2147483647;
			files = (
			);
			runOnlyForDeploymentPostprocessing = 0;
		};
/* End PBXFrameworksBuildPhase section */

/* Begin PBXGroup section */
		19CCF2A82B7ACE0A00DF534A = {
			isa = PBXGroup;
			children = (
				19CCF2B32B7ACE0A00DF534A /* HabitsPlus */,
				19CCF2B22B7ACE0A00DF534A /* Products */,
			);
			sourceTree = "<group>";
		};
		19CCF2B22B7ACE0A00DF534A /* Products */ = {
			isa = PBXGroup;
			children = (
				19CCF2B12B7ACE0A00DF534A /* HabitsPlus.app */,
			);
			name = Products;
			sourceTree = "<group>";
		};
		19CCF2B32B7ACE0A00DF534A /* HabitsPlus */ = {
			isa = PBXGroup;
			children = (
				19D403E92B7BBCCE0006EFCD /* SignIn */,
				19CCF2C22B7AD1D200DF534A /* Slash */,
				19CCF2B42B7ACE0A00DF534A /* HabitsPlusApp.swift */,
				19CCF2B82B7ACE0D00DF534A /* Assets.xcassets */,
				19CCF2BA2B7ACE0D00DF534A /* Preview Content */,
			);
			path = HabitsPlus;
			sourceTree = "<group>";
		};
		19CCF2BA2B7ACE0D00DF534A /* Preview Content */ = {
			isa = PBXGroup;
			children = (
				19CCF2BB2B7ACE0D00DF534A /* Preview Assets.xcassets */,
			);
			path = "Preview Content";
			sourceTree = "<group>";
		};
		19CCF2C22B7AD1D200DF534A /* Slash */ = {
			isa = PBXGroup;
			children = (
				19CCF2C32B7AD1DB00DF534A /* View */,
				19CCF2C52B7AD1EB00DF534A /* ViewModel */,
				19CCF2C42B7AD1E400DF534A /* Model */,
			);
			path = Slash;
			sourceTree = "<group>";
		};
		19CCF2C32B7AD1DB00DF534A /* View */ = {
			isa = PBXGroup;
			children = (
				19CCF2C62B7AD22200DF534A /* SplashView.swift */,
			);
			path = View;
			sourceTree = "<group>";
		};
		19CCF2C42B7AD1E400DF534A /* Model */ = {
			isa = PBXGroup;
			children = (
				19CCF2C82B7AD3BB00DF534A /* SplashUIState.swift */,
			);
			path = Model;
			sourceTree = "<group>";
		};
		19CCF2C52B7AD1EB00DF534A /* ViewModel */ = {
			isa = PBXGroup;
			children = (
				19D403E72B7BAA9E0006EFCD /* SplashViewModel.swift */,
				19D403F12B7BC7E80006EFCD /* SplashViewRouter.swift */,
			);
			path = ViewModel;
			sourceTree = "<group>";
		};
		19D403E92B7BBCCE0006EFCD /* SignIn */ = {
			isa = PBXGroup;
			children = (
				19D403EA2B7BBCFD0006EFCD /* View */,
				19D403EC2B7BBD0C0006EFCD /* ViewModel */,
				19D403EB2B7BBD030006EFCD /* Model */,
			);
			path = SignIn;
			sourceTree = "<group>";
		};
		19D403EA2B7BBCFD0006EFCD /* View */ = {
			isa = PBXGroup;
			children = (
				19D403ED2B7BBD4C0006EFCD /* SignInView.swift */,
			);
			path = View;
			sourceTree = "<group>";
		};
		19D403EB2B7BBD030006EFCD /* Model */ = {
			isa = PBXGroup;
			children = (
				19D403F32B7C16DF0006EFCD /* SignInUIState.swift */,
			);
			path = Model;
			sourceTree = "<group>";
		};
		19D403EC2B7BBD0C0006EFCD /* ViewModel */ = {
			isa = PBXGroup;
			children = (
				19D403EF2B7BBD890006EFCD /* SignInViewModel.swift */,
			);
			path = ViewModel;
			sourceTree = "<group>";
		};
/* End PBXGroup section */

/* Begin PBXNativeTarget section */
		19CCF2B02B7ACE0A00DF534A /* HabitsPlus */ = {
			isa = PBXNativeTarget;
			buildConfigurationList = 19CCF2BF2B7ACE0D00DF534A /* Build configuration list for PBXNativeTarget "HabitsPlus" */;
			buildPhases = (
				19CCF2AD2B7ACE0A00DF534A /* Sources */,
				19CCF2AE2B7ACE0A00DF534A /* Frameworks */,
				19CCF2AF2B7ACE0A00DF534A /* Resources */,
			);
			buildRules = (
			);
			dependencies = (
			);
			name = HabitsPlus;
			productName = HabitsPlus;
			productReference = 19CCF2B12B7ACE0A00DF534A /* HabitsPlus.app */;
			productType = "com.apple.product-type.application";
		};
/* End PBXNativeTarget section */

/* Begin PBXProject section */
		19CCF2A92B7ACE0A00DF534A /* Project object */ = {
			isa = PBXProject;
			attributes = {
				BuildIndependentTargetsInParallel = 1;
				LastSwiftUpdateCheck = 1520;
				LastUpgradeCheck = 1520;
				TargetAttributes = {
					19CCF2B02B7ACE0A00DF534A = {
						CreatedOnToolsVersion = 15.2;
					};
				};
			};
			buildConfigurationList = 19CCF2AC2B7ACE0A00DF534A /* Build configuration list for PBXProject "HabitsPlus" */;
			compatibilityVersion = "Xcode 14.0";
			developmentRegion = en;
			hasScannedForEncodings = 0;
			knownRegions = (
				en,
				Base,
			);
			mainGroup = 19CCF2A82B7ACE0A00DF534A;
			productRefGroup = 19CCF2B22B7ACE0A00DF534A /* Products */;
			projectDirPath = "";
			projectRoot = "";
			targets = (
				19CCF2B02B7ACE0A00DF534A /* HabitsPlus */,
			);
		};
/* End PBXProject section */

/* Begin PBXResourcesBuildPhase section */
		19CCF2AF2B7ACE0A00DF534A /* Resources */ = {
			isa = PBXResourcesBuildPhase;
			buildActionMask = 2147483647;
			files = (
				19CCF2BC2B7ACE0D00DF534A /* Preview Assets.xcassets in Resources */,
				19CCF2B92B7ACE0D00DF534A /* Assets.xcassets in Resources */,
			);
			runOnlyForDeploymentPostprocessing = 0;
		};
/* End PBXResourcesBuildPhase section */

/* Begin PBXSourcesBuildPhase section */
		19CCF2AD2B7ACE0A00DF534A /* Sources */ = {
			isa = PBXSourcesBuildPhase;
			buildActionMask = 2147483647;
			files = (
				19D403E82B7BAA9E0006EFCD /* SplashViewModel.swift in Sources */,
				19CCF2C92B7AD3BB00DF534A /* SplashUIState.swift in Sources */,
				19D403F02B7BBD890006EFCD /* SignInViewModel.swift in Sources */,
				19CCF2B52B7ACE0A00DF534A /* HabitsPlusApp.swift in Sources */,
				19CCF2C72B7AD22200DF534A /* SplashView.swift in Sources */,
				19D403F42B7C16DF0006EFCD /* SignInUIState.swift in Sources */,
				19D403F22B7BC7E80006EFCD /* SplashViewRouter.swift in Sources */,
				19D403EE2B7BBD4C0006EFCD /* SignInView.swift in Sources */,
			);
			runOnlyForDeploymentPostprocessing = 0;
		};
/* End PBXSourcesBuildPhase section */

/* Begin XCBuildConfiguration section */
		19CCF2BD2B7ACE0D00DF534A /* Debug */ = {
			isa = XCBuildConfiguration;
			buildSettings = {
				ALWAYS_SEARCH_USER_PATHS = NO;
				ASSETCATALOG_COMPILER_GENERATE_SWIFT_ASSET_SYMBOL_EXTENSIONS = YES;
				CLANG_ANALYZER_NONNULL = YES;
				CLANG_ANALYZER_NUMBER_OBJECT_CONVERSION = YES_AGGRESSIVE;
				CLANG_CXX_LANGUAGE_STANDARD = "gnu++20";
				CLANG_ENABLE_MODULES = YES;
				CLANG_ENABLE_OBJC_ARC = YES;
				CLANG_ENABLE_OBJC_WEAK = YES;
				CLANG_WARN_BLOCK_CAPTURE_AUTORELEASING = YES;
				CLANG_WARN_BOOL_CONVERSION = YES;
				CLANG_WARN_COMMA = YES;
				CLANG_WARN_CONSTANT_CONVERSION = YES;
				CLANG_WARN_DEPRECATED_OBJC_IMPLEMENTATIONS = YES;
				CLANG_WARN_DIRECT_OBJC_ISA_USAGE = YES_ERROR;
				CLANG_WARN_DOCUMENTATION_COMMENTS = YES;
				CLANG_WARN_EMPTY_BODY = YES;
				CLANG_WARN_ENUM_CONVERSION = YES;
				CLANG_WARN_INFINITE_RECURSION = YES;
				CLANG_WARN_INT_CONVERSION = YES;
				CLANG_WARN_NON_LITERAL_NULL_CONVERSION = YES;
				CLANG_WARN_OBJC_IMPLICIT_RETAIN_SELF = YES;
				CLANG_WARN_OBJC_LITERAL_CONVERSION = YES;
				CLANG_WARN_OBJC_ROOT_CLASS = YES_ERROR;
				CLANG_WARN_QUOTED_INCLUDE_IN_FRAMEWORK_HEADER = YES;
				CLANG_WARN_RANGE_LOOP_ANALYSIS = YES;
				CLANG_WARN_STRICT_PROTOTYPES = YES;
				CLANG_WARN_SUSPICIOUS_MOVE = YES;
				CLANG_WARN_UNGUARDED_AVAILABILITY = YES_AGGRESSIVE;
				CLANG_WARN_UNREACHABLE_CODE = YES;
				CLANG_WARN__DUPLICATE_METHOD_MATCH = YES;
				COPY_PHASE_STRIP = NO;
				DEBUG_INFORMATION_FORMAT = dwarf;
				ENABLE_STRICT_OBJC_MSGSEND = YES;
				ENABLE_TESTABILITY = YES;
				ENABLE_USER_SCRIPT_SANDBOXING = YES;
				GCC_C_LANGUAGE_STANDARD = gnu17;
				GCC_DYNAMIC_NO_PIC = NO;
				GCC_NO_COMMON_BLOCKS = YES;
				GCC_OPTIMIZATION_LEVEL = 0;
				GCC_PREPROCESSOR_DEFINITIONS = (
					"DEBUG=1",
					"$(inherited)",
				);
				GCC_WARN_64_TO_32_BIT_CONVERSION = YES;
				GCC_WARN_ABOUT_RETURN_TYPE = YES_ERROR;
				GCC_WARN_UNDECLARED_SELECTOR = YES;
				GCC_WARN_UNINITIALIZED_AUTOS = YES_AGGRESSIVE;
				GCC_WARN_UNUSED_FUNCTION = YES;
				GCC_WARN_UNUSED_VARIABLE = YES;
				IPHONEOS_DEPLOYMENT_TARGET = 17.2;
				LOCALIZATION_PREFERS_STRING_CATALOGS = YES;
				MTL_ENABLE_DEBUG_INFO = INCLUDE_SOURCE;
				MTL_FAST_MATH = YES;
				ONLY_ACTIVE_ARCH = YES;
				SDKROOT = iphoneos;
				SWIFT_ACTIVE_COMPILATION_CONDITIONS = "DEBUG $(inherited)";
				SWIFT_OPTIMIZATION_LEVEL = "-Onone";
			};
			name = Debug;
		};
		19CCF2BE2B7ACE0D00DF534A /* Release */ = {
			isa = XCBuildConfiguration;
			buildSettings = {
				ALWAYS_SEARCH_USER_PATHS = NO;
				ASSETCATALOG_COMPILER_GENERATE_SWIFT_ASSET_SYMBOL_EXTENSIONS = YES;
				CLANG_ANALYZER_NONNULL = YES;
				CLANG_ANALYZER_NUMBER_OBJECT_CONVERSION = YES_AGGRESSIVE;
				CLANG_CXX_LANGUAGE_STANDARD = "gnu++20";
				CLANG_ENABLE_MODULES = YES;
				CLANG_ENABLE_OBJC_ARC = YES;
				CLANG_ENABLE_OBJC_WEAK = YES;
				CLANG_WARN_BLOCK_CAPTURE_AUTORELEASING = YES;
				CLANG_WARN_BOOL_CONVERSION = YES;
				CLANG_WARN_COMMA = YES;
				CLANG_WARN_CONSTANT_CONVERSION = YES;
				CLANG_WARN_DEPRECATED_OBJC_IMPLEMENTATIONS = YES;
				CLANG_WARN_DIRECT_OBJC_ISA_USAGE = YES_ERROR;
				CLANG_WARN_DOCUMENTATION_COMMENTS = YES;
				CLANG_WARN_EMPTY_BODY = YES;
				CLANG_WARN_ENUM_CONVERSION = YES;
				CLANG_WARN_INFINITE_RECURSION = YES;
				CLANG_WARN_INT_CONVERSION = YES;
				CLANG_WARN_NON_LITERAL_NULL_CONVERSION = YES;
				CLANG_WARN_OBJC_IMPLICIT_RETAIN_SELF = YES;
				CLANG_WARN_OBJC_LITERAL_CONVERSION = YES;
				CLANG_WARN_OBJC_ROOT_CLASS = YES_ERROR;
				CLANG_WARN_QUOTED_INCLUDE_IN_FRAMEWORK_HEADER = YES;
				CLANG_WARN_RANGE_LOOP_ANALYSIS = YES;
				CLANG_WARN_STRICT_PROTOTYPES = YES;
				CLANG_WARN_SUSPICIOUS_MOVE = YES;
				CLANG_WARN_UNGUARDED_AVAILABILITY = YES_AGGRESSIVE;
				CLANG_WARN_UNREACHABLE_CODE = YES;
				CLANG_WARN__DUPLICATE_METHOD_MATCH = YES;
				COPY_PHASE_STRIP = NO;
				DEBUG_INFORMATION_FORMAT = "dwarf-with-dsym";
				ENABLE_NS_ASSERTIONS = NO;
				ENABLE_STRICT_OBJC_MSGSEND = YES;
				ENABLE_USER_SCRIPT_SANDBOXING = YES;
				GCC_C_LANGUAGE_STANDARD = gnu17;
				GCC_NO_COMMON_BLOCKS = YES;
				GCC_WARN_64_TO_32_BIT_CONVERSION = YES;
				GCC_WARN_ABOUT_RETURN_TYPE = YES_ERROR;
				GCC_WARN_UNDECLARED_SELECTOR = YES;
				GCC_WARN_UNINITIALIZED_AUTOS = YES_AGGRESSIVE;
				GCC_WARN_UNUSED_FUNCTION = YES;
				GCC_WARN_UNUSED_VARIABLE = YES;
				IPHONEOS_DEPLOYMENT_TARGET = 17.2;
				LOCALIZATION_PREFERS_STRING_CATALOGS = YES;
				MTL_ENABLE_DEBUG_INFO = NO;
				MTL_FAST_MATH = YES;
				SDKROOT = iphoneos;
				SWIFT_COMPILATION_MODE = wholemodule;
				VALIDATE_PRODUCT = YES;
			};
			name = Release;
		};
		19CCF2C02B7ACE0D00DF534A /* Debug */ = {
			isa = XCBuildConfiguration;
			buildSettings = {
				ASSETCATALOG_COMPILER_APPICON_NAME = AppIcon;
				ASSETCATALOG_COMPILER_GLOBAL_ACCENT_COLOR_NAME = AccentColor;
				CODE_SIGN_STYLE = Automatic;
				CURRENT_PROJECT_VERSION = 1;
				DEVELOPMENT_ASSET_PATHS = "\"HabitsPlus/Preview Content\"";
				DEVELOPMENT_TEAM = QNFKMB45Q9;
				ENABLE_PREVIEWS = YES;
				GENERATE_INFOPLIST_FILE = YES;
				INFOPLIST_KEY_UIApplicationSceneManifest_Generation = YES;
				INFOPLIST_KEY_UIApplicationSupportsIndirectInputEvents = YES;
				INFOPLIST_KEY_UILaunchScreen_Generation = YES;
				INFOPLIST_KEY_UISupportedInterfaceOrientations_iPad = "UIInterfaceOrientationPortrait UIInterfaceOrientationPortraitUpsideDown UIInterfaceOrientationLandscapeLeft UIInterfaceOrientationLandscapeRight";
				INFOPLIST_KEY_UISupportedInterfaceOrientations_iPhone = "UIInterfaceOrientationPortrait UIInterfaceOrientationLandscapeLeft UIInterfaceOrientationLandscapeRight";
				IPHONEOS_DEPLOYMENT_TARGET = 16.2;
				LD_RUNPATH_SEARCH_PATHS = (
					"$(inherited)",
					"@executable_path/Frameworks",
				);
				MARKETING_VERSION = 1.0;
				PRODUCT_BUNDLE_IDENTIFIER = "cabral.vm-outlook.com.HabitsPlus";
				PRODUCT_NAME = "$(TARGET_NAME)";
				SUPPORTED_PLATFORMS = "iphoneos iphonesimulator";
				SUPPORTS_MACCATALYST = NO;
				SUPPORTS_MAC_DESIGNED_FOR_IPHONE_IPAD = NO;
				SUPPORTS_XR_DESIGNED_FOR_IPHONE_IPAD = NO;
				SWIFT_EMIT_LOC_STRINGS = YES;
				SWIFT_VERSION = 5.0;
				TARGETED_DEVICE_FAMILY = "1,2";
			};
			name = Debug;
		};
		19CCF2C12B7ACE0D00DF534A /* Release */ = {
			isa = XCBuildConfiguration;
			buildSettings = {
				ASSETCATALOG_COMPILER_APPICON_NAME = AppIcon;
				ASSETCATALOG_COMPILER_GLOBAL_ACCENT_COLOR_NAME = AccentColor;
				CODE_SIGN_STYLE = Automatic;
				CURRENT_PROJECT_VERSION = 1;
				DEVELOPMENT_ASSET_PATHS = "\"HabitsPlus/Preview Content\"";
				DEVELOPMENT_TEAM = QNFKMB45Q9;
				ENABLE_PREVIEWS = YES;
				GENERATE_INFOPLIST_FILE = YES;
				INFOPLIST_KEY_UIApplicationSceneManifest_Generation = YES;
				INFOPLIST_KEY_UIApplicationSupportsIndirectInputEvents = YES;
				INFOPLIST_KEY_UILaunchScreen_Generation = YES;
				INFOPLIST_KEY_UISupportedInterfaceOrientations_iPad = "UIInterfaceOrientationPortrait UIInterfaceOrientationPortraitUpsideDown UIInterfaceOrientationLandscapeLeft UIInterfaceOrientationLandscapeRight";
				INFOPLIST_KEY_UISupportedInterfaceOrientations_iPhone = "UIInterfaceOrientationPortrait UIInterfaceOrientationLandscapeLeft UIInterfaceOrientationLandscapeRight";
				IPHONEOS_DEPLOYMENT_TARGET = 16.2;
				LD_RUNPATH_SEARCH_PATHS = (
					"$(inherited)",
					"@executable_path/Frameworks",
				);
				MARKETING_VERSION = 1.0;
				PRODUCT_BUNDLE_IDENTIFIER = "cabral.vm-outlook.com.HabitsPlus";
				PRODUCT_NAME = "$(TARGET_NAME)";
				SUPPORTED_PLATFORMS = "iphoneos iphonesimulator";
				SUPPORTS_MACCATALYST = NO;
				SUPPORTS_MAC_DESIGNED_FOR_IPHONE_IPAD = NO;
				SUPPORTS_XR_DESIGNED_FOR_IPHONE_IPAD = NO;
				SWIFT_EMIT_LOC_STRINGS = YES;
				SWIFT_VERSION = 5.0;
				TARGETED_DEVICE_FAMILY = "1,2";
			};
			name = Release;
		};
/* End XCBuildConfiguration section */

/* Begin XCConfigurationList section */
		19CCF2AC2B7ACE0A00DF534A /* Build configuration list for PBXProject "HabitsPlus" */ = {
			isa = XCConfigurationList;
			buildConfigurations = (
				19CCF2BD2B7ACE0D00DF534A /* Debug */,
				19CCF2BE2B7ACE0D00DF534A /* Release */,
			);
			defaultConfigurationIsVisible = 0;
			defaultConfigurationName = Release;
		};
		19CCF2BF2B7ACE0D00DF534A /* Build configuration list for PBXNativeTarget "HabitsPlus" */ = {
			isa = XCConfigurationList;
			buildConfigurations = (
				19CCF2C02B7ACE0D00DF534A /* Debug */,
				19CCF2C12B7ACE0D00DF534A /* Release */,
			);
			defaultConfigurationIsVisible = 0;
			defaultConfigurationName = Release;
		};
/* End XCConfigurationList section */
	};
	rootObject = 19CCF2A92B7ACE0A00DF534A /* Project object */;
}
